
Microsoft Visual Studio Solution File, Format Version 12.00
# Visual Studio Version 16
VisualStudioVersion = 25.0.1706.7
MinimumVisualStudioVersion = 10.0.40219.1
Project("{FAE04EC0-301F-11D3-BF4B-00C04F79EFBC}") = "PrimaDMIKepri", "PrimaDMIKepri\PrimaDMIKepri.csproj", "{924B3CB1-5A05-4165-8E6F-18FE11B91654}"
EndProject
Global
	GlobalSection(SolutionConfigurationPlatforms) = preSolution
		Debug|Any CPU = Debug|Any CPU
		Release|Any CPU = Release|Any CPU
	EndGlobalSection
	GlobalSection(ProjectConfigurationPlatforms) = postSolution
		{924B3CB1-5A05-4165-8E6F-18FE11B91654}.Debug|Any CPU.ActiveCfg = Debug|Any CPU
		{924B3CB1-5A05-4165-8E6F-18FE11B91654}.Debug|Any CPU.Build.0 = Debug|Any CPU
		{924B3CB1-5A05-4165-8E6F-18FE11B91654}.Release|Any CPU.ActiveCfg = Release|Any CPU
		{924B3CB1-5A05-4165-8E6F-18FE11B91654}.Release|Any CPU.Build.0 = Release|Any CPU
	EndGlobalSection
	GlobalSection(SolutionProperties) = preSolution
		HideSolutionNode = FALSE
	EndGlobalSection
	GlobalSection(ExtensibilityGlobals) = postSolution
		SolutionGuid = {F1B76FCD-C22B-4652-80EC-676D4B06E915}
	EndGlobalSection
EndGlobal
